
Microsoft Visual Studio Solution File, Format Version 12.00
# Visual Studio 2012
Project("{FAE04EC0-301F-11D3-BF4B-00C04F79EFBC}") = "FMD_MVC_Application_VSIX", "FMD_MVC_Application_VSIX\FMD_MVC_Application_VSIX.csproj", "{EECE9E57-18B0-46B9-993B-9512D9EAB5DD}"
EndProject
Project("{FAE04EC0-301F-11D3-BF4B-00C04F79EFBC}") = "FMD_MVC_Application", "FMD MVC Application\FMD_MVC_Application.csproj", "{93CE3202-A60D-48F0-886D-30180C62279E}"
EndProject
Global
	GlobalSection(SolutionConfigurationPlatforms) = preSolution
		Debug|Any CPU = Debug|Any CPU
		Release|Any CPU = Release|Any CPU
	EndGlobalSection
	GlobalSection(ProjectConfigurationPlatforms) = postSolution
		{EECE9E57-18B0-46B9-993B-9512D9EAB5DD}.Debug|Any CPU.ActiveCfg = Debug|Any CPU
		{EECE9E57-18B0-46B9-993B-9512D9EAB5DD}.Debug|Any CPU.Build.0 = Debug|Any CPU
		{EECE9E57-18B0-46B9-993B-9512D9EAB5DD}.Release|Any CPU.ActiveCfg = Release|Any CPU
		{EECE9E57-18B0-46B9-993B-9512D9EAB5DD}.Release|Any CPU.Build.0 = Release|Any CPU
		{93CE3202-A60D-48F0-886D-30180C62279E}.Debug|Any CPU.ActiveCfg = Debug|Any CPU
		{93CE3202-A60D-48F0-886D-30180C62279E}.Debug|Any CPU.Build.0 = Debug|Any CPU
		{93CE3202-A60D-48F0-886D-30180C62279E}.Release|Any CPU.ActiveCfg = Release|Any CPU
		{93CE3202-A60D-48F0-886D-30180C62279E}.Release|Any CPU.Build.0 = Release|Any CPU
	EndGlobalSection
	GlobalSection(SolutionProperties) = preSolution
		HideSolutionNode = FALSE
	EndGlobalSection
EndGlobal
